{
  "name": "littlefightnyc-workspace",
  "lockfileVersion": 3,
  "requires": true,
  "packages": {
    "": {
      "name": "littlefightnyc-workspace",
      "dependencies": {
        "@netlify/blobs": "^8.2.0",
        "@netlify/functions": "^5.3.0",
        "nodemailer": "^9.0.3"
      },
      "devDependencies": {
        "@types/nodemailer": "^8.0.1"
      }
    },
    "node_modules/@netlify/blobs": {
      "version": "8.2.0",
      "resolved": "https://registry.npmjs.org/@netlify/blobs/-/blobs-8.2.0.tgz",
      "integrity": "sha512-9djLZHBKsoKk8XCgwWSEPK9QnT8qqxEQGuYh48gFIcNLvpBKkLnHbDZuyUxmNemCfDz7h0HnMXgSPnnUVgARhg==",
      "license": "MIT",
      "engines": {
        "node": "^14.16.0 || >=16.0.0"
      }
    },
    "node_modules/@netlify/functions": {
      "version": "5.3.0",
      "resolved": "https://registry.npmjs.org/@netlify/functions/-/functions-5.3.0.tgz",
      "integrity": "sha512-FP+xCoZMkMOUsKa4UdG/oiK/2md1/TxuXvqqieaMVMgDbFFMaHI8h0oHCViUY73kPbKV6HyzayaSXGYXKpBSoQ==",
      "license": "MIT",
      "dependencies": {
        "@netlify/types": "2.8.0"
      },
      "engines": {
        "node": ">=18.0.0"
      }
    },
    "node_modules/@netlify/types": {
      "version": "2.8.0",
      "resolved": "https://registry.npmjs.org/@netlify/types/-/types-2.8.0.tgz",
      "integrity": "sha512-8/g0Pt6y6wXj5Ia5eeYLiXhRfWeqZXGXpGFeCiiQdUOem+FPtXdA4+YdGxqzWc7D0AvptKSO01KGeeVWHSu8Kg==",
      "license": "MIT",
      "engines": {
        "node": "^18.14.0 || >=20"
      }
    },
    "node_modules/@types/node": {
      "version": "26.1.1",
      "resolved": "https://registry.npmjs.org/@types/node/-/node-26.1.1.tgz",
      "integrity": "sha512-nxAkRSVkN1Y0JC1W8ky/fTfkGsMmcrRsbx+3XoZE+rMOX71kLYTV7fLXpqud1GpbpP5TuffXFqfX7fH2GgZREw==",
      "dev": true,
      "license": "MIT",
      "dependencies": {
        "undici-types": "~8.3.0"
      }
    },
    "node_modules/@types/nodemailer": {
      "version": "8.0.1",
      "resolved": "https://registry.npmjs.org/@types/nodemailer/-/nodemailer-8.0.1.tgz",
      "integrity": "sha512-PxpaInm8V1JQDd4j0ds5HfvWQk8JupS1C0Picb96QJsrrRDjBH+DlK7L4ZdNSqNULhiZRQHc40nLVShaGxXAMw==",
      "dev": true,
      "license": "MIT",
      "dependencies": {
        "@types/node": "*"
      }
    },
    "node_modules/nodemailer": {
      "version": "9.0.3",
      "resolved": "https://registry.npmjs.org/nodemailer/-/nodemailer-9.0.3.tgz",
      "integrity": "sha512-n+YP+NKwR5zRWa60k3GiQ6Q3B4KXCoAw40dAKeCtYn020iNN74aWK2liXIC3ZEATeGql7we3tE3t8QwhY0eskw==",
      "license": "MIT-0",
      "engines": {
        "node": ">=6.0.0"
      }
    },
    "node_modules/undici-types": {
      "version": "8.3.0",
      "resolved": "https://registry.npmjs.org/undici-types/-/undici-types-8.3.0.tgz",
      "integrity": "sha512-j375ScV60dom+YkPFIfTLcOiPxkN/buHz5GobjLhixFuANaNs3C9l4GmrWqejgXWJ7BbJcFYpTEUkS1Ge8bpZQ==",
      "dev": true,
      "license": "MIT"
    }
  }
}
